// !$*UTF8*$!
{
	archiveVersion = 1;
	classes = {
	};
	objectVersion = 46;
	objects = {

/* Begin PBXBuildFile section */
		FBF6131E1CAC9E2C009CDB7C /* AppDelegate.swift in Sources */ = {isa = PBXBuildFile; fileRef = FBF6131D1CAC9E2C009CDB7C /* AppDelegate.swift */; };
		FBF613201CAC9E2C009CDB7C /* ViewController.swift in Sources */ = {isa = PBXBuildFile; fileRef = FBF6131F1CAC9E2C009CDB7C /* ViewController.swift */; };
		FBF613231CAC9E2C009CDB7C /* Main.storyboard in Resources */ = {isa = PBXBuildFile; fileRef = FBF613211CAC9E2C009CDB7C /* Main.storyboard */; };
		FBF613251CAC9E2D009CDB7C /* Assets.xcassets in Resources */ = {isa = PBXBuildFile; fileRef = FBF613241CAC9E2D009CDB7C /* Assets.xcassets */; };
		FBF613281CAC9E2D009CDB7C /* LaunchScreen.storyboard in Resources */ = {isa = PBXBuildFile; fileRef = FBF613261CAC9E2D009CDB7C /* LaunchScreen.storyboard */; };
/* End PBXBuildFile section */

/* Begin PBXFileReference section */
		FBF6131A1CAC9E2C009CDB7C /* TodoApp.app */ = {isa = PBXFileReference; explicitFileType = wrapper.application; includeInIndex = 0; path = TodoApp.app; sourceTree = BUILT_PRODUCTS_DIR; };
		FBF6131D1CAC9E2C009CDB7C /* AppDelegate.swift */ = {isa = PBXFileReference; lastKnownFileType = sourcecode.swift; path = AppDelegate.swift; sourceTree = "<group>"; };
		FBF6131F1CAC9E2C009CDB7C /* ViewController.swift */ = {isa = PBXFileReference; lastKnownFileType = sourcecode.swift; path = ViewController.swift; sourceTree = "<group>"; };
		FBF613221CAC9E2C009CDB7C /* Base */ = {isa = PBXFileReference; lastKnownFileType = file.storyboard; name = Base; path = Base.lproj/Main.storyboard; sourceTree = "<group>"; };
		FBF613241CAC9E2D009CDB7C /* Assets.xcassets */ = {isa = PBXFileReference; lastKnownFileType = folder.assetcatalog; path = Assets.xcassets; sourceTree = "<group>"; };
		FBF613271CAC9E2D009CDB7C /* Base */ = {isa = PBXFileReference; lastKnownFileType = file.storyboard; name = Base; path = Base.lproj/LaunchScreen.storyboard; sourceTree = "<group>"; };
		FBF613291CAC9E2D009CDB7C /* Info.plist */ = {isa = PBXFileReference; lastKnownFileType = text.plist.xml; path = Info.plist; sourceTree = "<group>"; };
/* End PBXFileReference section */

/* Begin PBXFrameworksBuildPhase section */
		FBF613171CAC9E2C009CDB7C /* Frameworks */ = {
			isa = PBXFrameworksBuildPhase;
			buildActionMask = 2147483647;
			files = (
			);
			runOnlyForDeploymentPostprocessing = 0;
		};
/* End PBXFrameworksBuildPhase section */

/* Begin PBXGroup section */
		FBF613111CAC9E2C009CDB7C = {
			isa = PBXGroup;
			children = (
				FBF6131C1CAC9E2C009CDB7C /* TodoApp */,
				FBF6131B1CAC9E2C009CDB7C /* Products */,
			);
			sourceTree = "<group>";
		};
		FBF6131B1CAC9E2C009CDB7C /* Products */ = {
			isa = PBXGroup;
			children = (
				FBF6131A1CAC9E2C009CDB7C /* TodoApp.app */,
			);
			name = Products;
			sourceTree = "<group>";
		};
		FBF6131C1CAC9E2C009CDB7C /* TodoApp */ = {
			isa = PBXGroup;
			children = (
				FBF6131D1CAC9E2C009CDB7C /* AppDelegate.swift */,
				FBF6131F1CAC9E2C009CDB7C /* ViewController.swift */,
				FBF613211CAC9E2C009CDB7C /* Main.storyboard */,
				FBF613241CAC9E2D009CDB7C /* Assets.xcassets */,
				FBF613261CAC9E2D009CDB7C /* LaunchScreen.storyboard */,
				FBF613291CAC9E2D009CDB7C /* Info.plist */,
			);
			path = TodoApp;
			sourceTree = "<group>";
		};
/* End PBXGroup section */

/* Begin PBXNativeTarget section */
		FBF613191CAC9E2C009CDB7C /* TodoApp */ = {
			isa = PBXNativeTarget;
			buildConfigurationList = FBF6132C1CAC9E2D009CDB7C /* Build configuration list for PBXNativeTarget "TodoApp" */;
			buildPhases = (
				FBF613161CAC9E2C009CDB7C /* Sources */,
				FBF613171CAC9E2C009CDB7C /* Frameworks */,
				FBF613181CAC9E2C009CDB7C /* Resources */,
			);
			buildRules = (
			);
			dependencies = (
			);
			name = TodoApp;
			productName = TodoApp;
			productReference = FBF6131A1CAC9E2C009CDB7C /* TodoApp.app */;
			productType = "com.apple.product-type.application";
		};
/* End PBXNativeTarget section */

/* Begin PBXProject section */
		FBF613121CAC9E2C009CDB7C /* Project object */ = {
			isa = PBXProject;
			attributes = {
				LastSwiftUpdateCheck = 0720;
				LastUpgradeCheck = 0720;
				ORGANIZATIONNAME = ITESM;
				TargetAttributes = {
					FBF613191CAC9E2C009CDB7C = {
						CreatedOnToolsVersion = 7.2.1;
					};
				};
			};
			buildConfigurationList = FBF613151CAC9E2C009CDB7C /* Build configuration list for PBXProject "TodoApp" */;
			compatibilityVersion = "Xcode 3.2";
			developmentRegion = English;
			hasScannedForEncodings = 0;
			knownRegions = (
				en,
				Base,
			);
			mainGroup = FBF613111CAC9E2C009CDB7C;
			productRefGroup = FBF6131B1CAC9E2C009CDB7C /* Products */;
			projectDirPath = "";
			projectRoot = "";
			targets = (
				FBF613191CAC9E2C009CDB7C /* TodoApp */,
			);
		};
/* End PBXProject section */

/* Begin PBXResourcesBuildPhase section */
		FBF613181CAC9E2C009CDB7C /* Resources */ = {
			isa = PBXResourcesBuildPhase;
			buildActionMask = 2147483647;
			files = (
				FBF613281CAC9E2D009CDB7C /* LaunchScreen.storyboard in Resources */,
				FBF613251CAC9E2D009CDB7C /* Assets.xcassets in Resources */,
				FBF613231CAC9E2C009CDB7C /* Main.storyboard in Resources */,
			);
			runOnlyForDeploymentPostprocessing = 0;
		};
/* End PBXResourcesBuildPhase section */

/* Begin PBXSourcesBuildPhase section */
		FBF613161CAC9E2C009CDB7C /* Sources */ = {
			isa = PBXSourcesBuildPhase;
			buildActionMask = 2147483647;
			files = (
				FBF613201CAC9E2C009CDB7C /* ViewController.swift in Sources */,
				FBF6131E1CAC9E2C009CDB7C /* AppDelegate.swift in Sources */,
			);
			runOnlyForDeploymentPostprocessing = 0;
		};
/* End PBXSourcesBuildPhase section */

/* Begin PBXVariantGroup section */
		FBF613211CAC9E2C009CDB7C /* Main.storyboard */ = {
			isa = PBXVariantGroup;
			children = (
				FBF613221CAC9E2C009CDB7C /* Base */,
			);
			name = Main.storyboard;
			sourceTree = "<group>";
		};
		FBF613261CAC9E2D009CDB7C /* LaunchScreen.storyboard */ = {
			isa = PBXVariantGroup;
			children = (
				FBF613271CAC9E2D009CDB7C /* Base */,
			);
			name = LaunchScreen.storyboard;
			sourceTree = "<group>";
		};
/* End PBXVariantGroup section */

/* Begin XCBuildConfiguration section */
		FBF6132A1CAC9E2D009CDB7C /* Debug */ = {
			isa = XCBuildConfiguration;
			buildSettings = {
				ALWAYS_SEARCH_USER_PATHS = NO;
				CLANG_CXX_LANGUAGE_STANDARD = "gnu++0x";
				CLANG_CXX_LIBRARY = "libc++";
				CLANG_ENABLE_MODULES = YES;
				CLANG_ENABLE_OBJC_ARC = YES;
				CLANG_WARN_BOOL_CONVERSION = YES;
				CLANG_WARN_CONSTANT_CONVERSION = YES;
				CLANG_WARN_DIRECT_OBJC_ISA_USAGE = YES_ERROR;
				CLANG_WARN_EMPTY_BODY = YES;
				CLANG_WARN_ENUM_CONVERSION = YES;
				CLANG_WARN_INT_CONVERSION = YES;
				CLANG_WARN_OBJC_ROOT_CLASS = YES_ERROR;
				CLANG_WARN_UNREACHABLE_CODE = YES;
				CLANG_WARN__DUPLICATE_METHOD_MATCH = YES;
				"CODE_SIGN_IDENTITY[sdk=iphoneos*]" = "iPhone Developer";
				COPY_PHASE_STRIP = NO;
				DEBUG_INFORMATION_FORMAT = dwarf;
				ENABLE_STRICT_OBJC_MSGSEND = YES;
				ENABLE_TESTABILITY = YES;
				GCC_C_LANGUAGE_STANDARD = gnu99;
				GCC_DYNAMIC_NO_PIC = NO;
				GCC_NO_COMMON_BLOCKS = YES;
				GCC_OPTIMIZATION_LEVEL = 0;
				GCC_PREPROCESSOR_DEFINITIONS = (
					"DEBUG=1",
					"$(inherited)",
				);
				GCC_WARN_64_TO_32_BIT_CONVERSION = YES;
				GCC_WARN_ABOUT_RETURN_TYPE = YES_ERROR;
				GCC_WARN_UNDECLARED_SELECTOR = YES;
				GCC_WARN_UNINITIALIZED_AUTOS = YES_AGGRESSIVE;
				GCC_WARN_UNUSED_FUNCTION = YES;
				GCC_WARN_UNUSED_VARIABLE = YES;
				IPHONEOS_DEPLOYMENT_TARGET = 9.2;
				MTL_ENABLE_DEBUG_INFO = YES;
				ONLY_ACTIVE_ARCH = YES;
				SDKROOT = iphoneos;
				SWIFT_OPTIMIZATION_LEVEL = "-Onone";
			};
			name = Debug;
		};
		FBF6132B1CAC9E2D009CDB7C /* Release */ = {
			isa = XCBuildConfiguration;
			buildSettings = {
				ALWAYS_SEARCH_USER_PATHS = NO;
				CLANG_CXX_LANGUAGE_STANDARD = "gnu++0x";
				CLANG_CXX_LIBRARY = "libc++";
				CLANG_ENABLE_MODULES = YES;
				CLANG_ENABLE_OBJC_ARC = YES;
				CLANG_WARN_BOOL_CONVERSION = YES;
				CLANG_WARN_CONSTANT_CONVERSION = YES;
				CLANG_WARN_DIRECT_OBJC_ISA_USAGE = YES_ERROR;
				CLANG_WARN_EMPTY_BODY = YES;
				CLANG_WARN_ENUM_CONVERSION = YES;
				CLANG_WARN_INT_CONVERSION = YES;
				CLANG_WARN_OBJC_ROOT_CLASS = YES_ERROR;
				CLANG_WARN_UNREACHABLE_CODE = YES;
				CLANG_WARN__DUPLICATE_METHOD_MATCH = YES;
				"CODE_SIGN_IDENTITY[sdk=iphoneos*]" = "iPhone Developer";
				COPY_PHASE_STRIP = NO;
				DEBUG_INFORMATION_FORMAT = "dwarf-with-dsym";
				ENABLE_NS_ASSERTIONS = NO;
				ENABLE_STRICT_OBJC_MSGSEND = YES;
				GCC_C_LANGUAGE_STANDARD = gnu99;
				GCC_NO_COMMON_BLOCKS = YES;
				GCC_WARN_64_TO_32_BIT_CONVERSION = YES;
				GCC_WARN_ABOUT_RETURN_TYPE = YES_ERROR;
				GCC_WARN_UNDECLARED_SELECTOR = YES;
				GCC_WARN_UNINITIALIZED_AUTOS = YES_AGGRESSIVE;
				GCC_WARN_UNUSED_FUNCTION = YES;
				GCC_WARN_UNUSED_VARIABLE = YES;
				IPHONEOS_DEPLOYMENT_TARGET = 9.2;
				MTL_ENABLE_DEBUG_INFO = NO;
				SDKROOT = iphoneos;
				VALIDATE_PRODUCT = YES;
			};
			name = Release;
		};
		FBF6132D1CAC9E2D009CDB7C /* Debug */ = {
			isa = XCBuildConfiguration;
			buildSettings = {
				ASSETCATALOG_COMPILER_APPICON_NAME = AppIcon;
				INFOPLIST_FILE = TodoApp/Info.plist;
				LD_RUNPATH_SEARCH_PATHS = "$(inherited) @executable_path/Frameworks";
				PRODUCT_BUNDLE_IDENTIFIER = com.ags.itesm.TodoApp;
				PRODUCT_NAME = "$(TARGET_NAME)";
			};
			name = Debug;
		};
		FBF6132E1CAC9E2D009CDB7C /* Release */ = {
			isa = XCBuildConfiguration;
			buildSettings = {
				ASSETCATALOG_COMPILER_APPICON_NAME = AppIcon;
				INFOPLIST_FILE = TodoApp/Info.plist;
				LD_RUNPATH_SEARCH_PATHS = "$(inherited) @executable_path/Frameworks";
				PRODUCT_BUNDLE_IDENTIFIER = com.ags.itesm.TodoApp;
				PRODUCT_NAME = "$(TARGET_NAME)";
			};
			name = Release;
		};
/* End XCBuildConfiguration section */

/* Begin XCConfigurationList section */
		FBF613151CAC9E2C009CDB7C /* Build configuration list for PBXProject "TodoApp" */ = {
			isa = XCConfigurationList;
			buildConfigurations = (
				FBF6132A1CAC9E2D009CDB7C /* Debug */,
				FBF6132B1CAC9E2D009CDB7C /* Release */,
			);
			defaultConfigurationIsVisible = 0;
			defaultConfigurationName = Release;
		};
		FBF6132C1CAC9E2D009CDB7C /* Build configuration list for PBXNativeTarget "TodoApp" */ = {
			isa = XCConfigurationList;
			buildConfigurations = (
				FBF6132D1CAC9E2D009CDB7C /* Debug */,
				FBF6132E1CAC9E2D009CDB7C /* Release */,
			);
			defaultConfigurationIsVisible = 0;
		};
/* End XCConfigurationList section */
	};
	rootObject = FBF613121CAC9E2C009CDB7C /* Project object */;
}
